
Microsoft Visual Studio Solution File, Format Version 12.00
# Visual Studio Version 16
VisualStudioVersion = 16.0.30804.86
MinimumVisualStudioVersion = 10.0.40219.1
Project("{FAE04EC0-301F-11D3-BF4B-00C04F79EFBC}") = "FileRenamer", "FileRenamer\FileRenamer.csproj", "{D03FBFC4-1BA0-46A4-82A1-4799020608C7}"
EndProject
Project("{FAE04EC0-301F-11D3-BF4B-00C04F79EFBC}") = "FilePrepender", "FilePrepender\FilePrepender.csproj", "{F101E34D-1D84-43B5-84AA-82DF786A721F}"
EndProject
Project("{FAE04EC0-301F-11D3-BF4B-00C04F79EFBC}") = "FileDescriber", "FileDescriber\FileDescriber.csproj", "{9AD60C7A-5F6A-472F-AEBB-54F0C45717DF}"
EndProject
Project("{FAE04EC0-301F-11D3-BF4B-00C04F79EFBC}") = "FileSearcher", "FileSearcher\FileSearcher.csproj", "{AFE90306-80C0-42C8-B476-1E0233C8D8E2}"
EndProject
Project("{FAE04EC0-301F-11D3-BF4B-00C04F79EFBC}") = "EmptyDirRemover", "EmptyDirRemover\EmptyDirRemover.csproj", "{0DBB9FB8-197B-4177-99A6-2C9BDFEAC1AE}"
EndProject
Global
	GlobalSection(SolutionConfigurationPlatforms) = preSolution
		Debug|Any CPU = Debug|Any CPU
		Release|Any CPU = Release|Any CPU
	EndGlobalSection
	GlobalSection(ProjectConfigurationPlatforms) = postSolution
		{D03FBFC4-1BA0-46A4-82A1-4799020608C7}.Debug|Any CPU.ActiveCfg = Debug|Any CPU
		{D03FBFC4-1BA0-46A4-82A1-4799020608C7}.Debug|Any CPU.Build.0 = Debug|Any CPU
		{D03FBFC4-1BA0-46A4-82A1-4799020608C7}.Release|Any CPU.ActiveCfg = Release|Any CPU
		{D03FBFC4-1BA0-46A4-82A1-4799020608C7}.Release|Any CPU.Build.0 = Release|Any CPU
		{F101E34D-1D84-43B5-84AA-82DF786A721F}.Debug|Any CPU.ActiveCfg = Debug|Any CPU
		{F101E34D-1D84-43B5-84AA-82DF786A721F}.Debug|Any CPU.Build.0 = Debug|Any CPU
		{F101E34D-1D84-43B5-84AA-82DF786A721F}.Release|Any CPU.ActiveCfg = Release|Any CPU
		{F101E34D-1D84-43B5-84AA-82DF786A721F}.Release|Any CPU.Build.0 = Release|Any CPU
		{9AD60C7A-5F6A-472F-AEBB-54F0C45717DF}.Debug|Any CPU.ActiveCfg = Debug|Any CPU
		{9AD60C7A-5F6A-472F-AEBB-54F0C45717DF}.Debug|Any CPU.Build.0 = Debug|Any CPU
		{9AD60C7A-5F6A-472F-AEBB-54F0C45717DF}.Release|Any CPU.ActiveCfg = Release|Any CPU
		{9AD60C7A-5F6A-472F-AEBB-54F0C45717DF}.Release|Any CPU.Build.0 = Release|Any CPU
		{AFE90306-80C0-42C8-B476-1E0233C8D8E2}.Debug|Any CPU.ActiveCfg = Debug|Any CPU
		{AFE90306-80C0-42C8-B476-1E0233C8D8E2}.Debug|Any CPU.Build.0 = Debug|Any CPU
		{AFE90306-80C0-42C8-B476-1E0233C8D8E2}.Release|Any CPU.ActiveCfg = Release|Any CPU
		{AFE90306-80C0-42C8-B476-1E0233C8D8E2}.Release|Any CPU.Build.0 = Release|Any CPU
		{0DBB9FB8-197B-4177-99A6-2C9BDFEAC1AE}.Debug|Any CPU.ActiveCfg = Debug|Any CPU
		{0DBB9FB8-197B-4177-99A6-2C9BDFEAC1AE}.Debug|Any CPU.Build.0 = Debug|Any CPU
		{0DBB9FB8-197B-4177-99A6-2C9BDFEAC1AE}.Release|Any CPU.ActiveCfg = Release|Any CPU
		{0DBB9FB8-197B-4177-99A6-2C9BDFEAC1AE}.Release|Any CPU.Build.0 = Release|Any CPU
	EndGlobalSection
	GlobalSection(SolutionProperties) = preSolution
		HideSolutionNode = FALSE
	EndGlobalSection
	GlobalSection(ExtensibilityGlobals) = postSolution
		SolutionGuid = {857123F4-7B64-4BFA-BAEE-2B70D02A1810}
	EndGlobalSection
EndGlobal
